
Microsoft Visual Studio Solution File, Format Version 12.00
# Visual Studio 15
VisualStudioVersion = 15.0.26228.4
MinimumVisualStudioVersion = 10.0.40219.1
Project("{9A19103F-16F7-4668-BE54-9A1E7A4F7556}") = "CoreTasks", "CoreTasks\CoreTasks.csproj", "{5E6CEC3B-B041-43C4-92D4-1FDF425BC09C}"
EndProject
Project("{9A19103F-16F7-4668-BE54-9A1E7A4F7556}") = "LoggingSection", "ClassLibrary\LoggingSection.csproj", "{B7174E09-C91E-431A-A769-0194188082EF}"
EndProject
Global
	GlobalSection(SolutionConfigurationPlatforms) = preSolution
		Debug|Any CPU = Debug|Any CPU
		Release|Any CPU = Release|Any CPU
	EndGlobalSection
	GlobalSection(ProjectConfigurationPlatforms) = postSolution
		{5E6CEC3B-B041-43C4-92D4-1FDF425BC09C}.Debug|Any CPU.ActiveCfg = Debug|Any CPU
		{5E6CEC3B-B041-43C4-92D4-1FDF425BC09C}.Debug|Any CPU.Build.0 = Debug|Any CPU
		{5E6CEC3B-B041-43C4-92D4-1FDF425BC09C}.Release|Any CPU.ActiveCfg = Release|Any CPU
		{5E6CEC3B-B041-43C4-92D4-1FDF425BC09C}.Release|Any CPU.Build.0 = Release|Any CPU
		{B7174E09-C91E-431A-A769-0194188082EF}.Debug|Any CPU.ActiveCfg = Debug|Any CPU
		{B7174E09-C91E-431A-A769-0194188082EF}.Debug|Any CPU.Build.0 = Debug|Any CPU
		{B7174E09-C91E-431A-A769-0194188082EF}.Release|Any CPU.ActiveCfg = Release|Any CPU
		{B7174E09-C91E-431A-A769-0194188082EF}.Release|Any CPU.Build.0 = Release|Any CPU
	EndGlobalSection
	GlobalSection(SolutionProperties) = preSolution
		HideSolutionNode = FALSE
	EndGlobalSection
	GlobalSection(ExtensibilityGlobals) = postSolution
		SolutionGuid = {DABD5322-133C-4EC1-8801-D8E1A51E044C}
	EndGlobalSection
EndGlobal
