
Microsoft Visual Studio Solution File, Format Version 12.00
# Visual Studio 15
VisualStudioVersion = 15.0.28307.779
MinimumVisualStudioVersion = 10.0.40219.1
Project("{FAE04EC0-301F-11D3-BF4B-00C04F79EFBC}") = "CsvEnumerable", "CsvEnumerable\CsvEnumerable.csproj", "{EEC99524-7CFA-4619-9FC7-07F1A01E4B31}"
EndProject
Project("{FAE04EC0-301F-11D3-BF4B-00C04F79EFBC}") = "CsvClassLibrary", "CsvClassLibrary\CsvClassLibrary.csproj", "{DE1D1858-625F-4041-9077-013C1B24B3DE}"
EndProject
Global
	GlobalSection(SolutionConfigurationPlatforms) = preSolution
		Debug|Any CPU = Debug|Any CPU
		Release|Any CPU = Release|Any CPU
	EndGlobalSection
	GlobalSection(ProjectConfigurationPlatforms) = postSolution
		{EEC99524-7CFA-4619-9FC7-07F1A01E4B31}.Debug|Any CPU.ActiveCfg = Debug|Any CPU
		{EEC99524-7CFA-4619-9FC7-07F1A01E4B31}.Debug|Any CPU.Build.0 = Debug|Any CPU
		{EEC99524-7CFA-4619-9FC7-07F1A01E4B31}.Release|Any CPU.ActiveCfg = Release|Any CPU
		{EEC99524-7CFA-4619-9FC7-07F1A01E4B31}.Release|Any CPU.Build.0 = Release|Any CPU
		{DE1D1858-625F-4041-9077-013C1B24B3DE}.Debug|Any CPU.ActiveCfg = Debug|Any CPU
		{DE1D1858-625F-4041-9077-013C1B24B3DE}.Debug|Any CPU.Build.0 = Debug|Any CPU
		{DE1D1858-625F-4041-9077-013C1B24B3DE}.Release|Any CPU.ActiveCfg = Release|Any CPU
		{DE1D1858-625F-4041-9077-013C1B24B3DE}.Release|Any CPU.Build.0 = Release|Any CPU
	EndGlobalSection
	GlobalSection(SolutionProperties) = preSolution
		HideSolutionNode = FALSE
	EndGlobalSection
	GlobalSection(ExtensibilityGlobals) = postSolution
		SolutionGuid = {09FC502F-28C6-4894-8A40-28E1EE077920}
	EndGlobalSection
EndGlobal
