
Microsoft Visual Studio Solution File, Format Version 12.00
# Visual Studio 15
VisualStudioVersion = 15.0.28307.779
MinimumVisualStudioVersion = 10.0.40219.1
Project("{9A19103F-16F7-4668-BE54-9A1E7A4F7556}") = "MoneyManager", "MoneyManager\MoneyManager.csproj", "{E45CCAC3-800A-4FCA-A055-D859FBE5301E}"
EndProject
Project("{9A19103F-16F7-4668-BE54-9A1E7A4F7556}") = "ViewClassLibrary", "ViewClassLibrary\ViewClassLibrary.csproj", "{5CD711C3-76B1-4ABC-9BC7-3DA3D706821E}"
EndProject
Project("{9A19103F-16F7-4668-BE54-9A1E7A4F7556}") = "SettingsClassLibrary", "SettingsClassLibrary\SettingsClassLibrary.csproj", "{79E25C2B-52C6-4EC8-9EB9-448B6994B804}"
EndProject
Project("{9A19103F-16F7-4668-BE54-9A1E7A4F7556}") = "MoneyManager.DataAccess", "MoneyManager.DataAccess\MoneyManager.DataAccess.csproj", "{8562C09E-0582-4C34-88AF-43C260C369DE}"
EndProject
Project("{9A19103F-16F7-4668-BE54-9A1E7A4F7556}") = "MoneyManager.Business", "MoneyManager.Business\MoneyManager.Business.csproj", "{B72D38E5-E7F4-4ECC-8F7C-6F157A4A0D0F}"
EndProject
Global
	GlobalSection(SolutionConfigurationPlatforms) = preSolution
		Debug|Any CPU = Debug|Any CPU
		Release|Any CPU = Release|Any CPU
	EndGlobalSection
	GlobalSection(ProjectConfigurationPlatforms) = postSolution
		{E45CCAC3-800A-4FCA-A055-D859FBE5301E}.Debug|Any CPU.ActiveCfg = Debug|Any CPU
		{E45CCAC3-800A-4FCA-A055-D859FBE5301E}.Debug|Any CPU.Build.0 = Debug|Any CPU
		{E45CCAC3-800A-4FCA-A055-D859FBE5301E}.Release|Any CPU.ActiveCfg = Release|Any CPU
		{E45CCAC3-800A-4FCA-A055-D859FBE5301E}.Release|Any CPU.Build.0 = Release|Any CPU
		{5CD711C3-76B1-4ABC-9BC7-3DA3D706821E}.Debug|Any CPU.ActiveCfg = Debug|Any CPU
		{5CD711C3-76B1-4ABC-9BC7-3DA3D706821E}.Debug|Any CPU.Build.0 = Debug|Any CPU
		{5CD711C3-76B1-4ABC-9BC7-3DA3D706821E}.Release|Any CPU.ActiveCfg = Release|Any CPU
		{5CD711C3-76B1-4ABC-9BC7-3DA3D706821E}.Release|Any CPU.Build.0 = Release|Any CPU
		{79E25C2B-52C6-4EC8-9EB9-448B6994B804}.Debug|Any CPU.ActiveCfg = Debug|Any CPU
		{79E25C2B-52C6-4EC8-9EB9-448B6994B804}.Debug|Any CPU.Build.0 = Debug|Any CPU
		{79E25C2B-52C6-4EC8-9EB9-448B6994B804}.Release|Any CPU.ActiveCfg = Release|Any CPU
		{79E25C2B-52C6-4EC8-9EB9-448B6994B804}.Release|Any CPU.Build.0 = Release|Any CPU
		{8562C09E-0582-4C34-88AF-43C260C369DE}.Debug|Any CPU.ActiveCfg = Debug|Any CPU
		{8562C09E-0582-4C34-88AF-43C260C369DE}.Debug|Any CPU.Build.0 = Debug|Any CPU
		{8562C09E-0582-4C34-88AF-43C260C369DE}.Release|Any CPU.ActiveCfg = Release|Any CPU
		{8562C09E-0582-4C34-88AF-43C260C369DE}.Release|Any CPU.Build.0 = Release|Any CPU
		{B72D38E5-E7F4-4ECC-8F7C-6F157A4A0D0F}.Debug|Any CPU.ActiveCfg = Debug|Any CPU
		{B72D38E5-E7F4-4ECC-8F7C-6F157A4A0D0F}.Debug|Any CPU.Build.0 = Debug|Any CPU
		{B72D38E5-E7F4-4ECC-8F7C-6F157A4A0D0F}.Release|Any CPU.ActiveCfg = Release|Any CPU
		{B72D38E5-E7F4-4ECC-8F7C-6F157A4A0D0F}.Release|Any CPU.Build.0 = Release|Any CPU
	EndGlobalSection
	GlobalSection(SolutionProperties) = preSolution
		HideSolutionNode = FALSE
	EndGlobalSection
	GlobalSection(ExtensibilityGlobals) = postSolution
		SolutionGuid = {C4C53FA9-AC3E-42B3-AB9F-06F1CCAC14D2}
	EndGlobalSection
EndGlobal
